<?xml version="1.0" encoding="utf-8"?>
<Project ToolsVersion="4.0" xmlns="http://schemas.microsoft.com/developer/msbuild/2003">
  <ItemGroup>
    <Filter Include="arch">
      <UniqueIdentifier>{79fd8910-d6ab-46c6-80e4-1a3b21b02039}</UniqueIdentifier>
    </Filter>
    <Filter Include="arch\generic">
      <UniqueIdentifier>{cfa7f23a-8d76-455b-bb60-492eae4b24f2}</UniqueIdentifier>
    </Filter>
    <Filter Include="arch\generic\mingw">
      <UniqueIdentifier>{a12b4b87-91c3-44e1-b82c-60f312863364}</UniqueIdentifier>
    </Filter>
    <Filter Include="arch\generic\mingw\kernel">
      <UniqueIdentifier>{1b66f9c7-4324-44f3-b8d0-65f759c5648d}</UniqueIdentifier>
    </Filter>
    <Filter Include="arch\generic\mingw\drivers">
      <UniqueIdentifier>{40c8fbde-df7b-4532-b83c-e5c42f219917}</UniqueIdentifier>
    </Filter>
    <Filter Include="include">
      <UniqueIdentifier>{6a1bb456-4f6f-4f61-a7bd-5dbee5e8dbef}</UniqueIdentifier>
    </Filter>
    <Filter Include="app">
      <UniqueIdentifier>{f673c41a-8bbd-489b-9bce-74e93116ed84}</UniqueIdentifier>
    </Filter>
    <Filter Include="app\config">
      <UniqueIdentifier>{ec8042c8-793e-43ad-8ffd-1ffa53a204b5}</UniqueIdentifier>
    </Filter>
    <Filter Include="app\inc">
      <UniqueIdentifier>{1a470dc1-6962-483c-9636-dfe3ae8298ab}</UniqueIdentifier>
    </Filter>
    <Filter Include="app\src">
      <UniqueIdentifier>{1c803ed9-366d-4046-b3cc-c4ad32b45cfb}</UniqueIdentifier>
    </Filter>
    <Filter Include="system">
      <UniqueIdentifier>{7983f06e-8e72-4a67-9dab-744d11fee9d8}</UniqueIdentifier>
    </Filter>
    <Filter Include="system\kernel">
      <UniqueIdentifier>{b1d80a33-58f6-46dd-99ee-0d802418b36c}</UniqueIdentifier>
    </Filter>
    <Filter Include="system\kernel\include">
      <UniqueIdentifier>{37ac1158-ef9a-4340-af53-8f7afb3e4283}</UniqueIdentifier>
    </Filter>
    <Filter Include="include\generic">
      <UniqueIdentifier>{ab941b7c-1547-4dbe-9a14-6e0d462587e6}</UniqueIdentifier>
    </Filter>
  </ItemGroup>
  <ItemGroup>
    <ClCompile Include="..\..\..\kernel\arch.c">
      <Filter>arch\generic\mingw\kernel</Filter>
    </ClCompile>
    <ClCompile Include="..\..\..\kernel\irq.c">
      <Filter>arch\generic\mingw\kernel</Filter>
    </ClCompile>
    <ClCompile Include="..\..\..\kernel\sys_tick.c">
      <Filter>arch\generic\mingw\kernel</Filter>
    </ClCompile>
    <ClCompile Include="..\..\..\drivers\Mcu.c">
      <Filter>arch\generic\mingw\drivers</Filter>
    </ClCompile>
    <ClCompile Include="..\..\..\drivers\McuExtensionsStub.c">
      <Filter>arch\generic\mingw\drivers</Filter>
    </ClCompile>
    <ClCompile Include="..\..\..\..\..\..\app\config\EcuM_PBcfg.c">
      <Filter>app\config</Filter>
    </ClCompile>
    <ClCompile Include="..\..\..\..\..\..\app\config\Mcu_Cfg.c">
      <Filter>app\config</Filter>
    </ClCompile>
    <ClCompile Include="..\..\..\..\..\..\app\config\Os_Cfg.c">
      <Filter>app\config</Filter>
    </ClCompile>
    <ClCompile Include="..\..\..\..\..\..\app\src\app.c">
      <Filter>app\src</Filter>
    </ClCompile>
    <ClCompile Include="..\..\..\..\..\..\app\src\app_startup.c">
      <Filter>app\src</Filter>
    </ClCompile>
    <ClCompile Include="..\..\..\..\..\..\system\kernel\alarm.c">
      <Filter>system\kernel</Filter>
    </ClCompile>
    <ClCompile Include="..\..\..\..\..\..\system\kernel\application.c">
      <Filter>system\kernel</Filter>
    </ClCompile>
    <ClCompile Include="..\..\..\..\..\..\system\kernel\counter.c">
      <Filter>system\kernel</Filter>
    </ClCompile>
    <ClCompile Include="..\..\..\..\..\..\system\kernel\event.c">
      <Filter>system\kernel</Filter>
    </ClCompile>
    <ClCompile Include="..\..\..\..\..\..\system\kernel\init.c">
      <Filter>system\kernel</Filter>
    </ClCompile>
    <ClCompile Include="..\..\..\..\..\..\system\kernel\isr.c">
      <Filter>system\kernel</Filter>
    </ClCompile>
    <ClCompile Include="..\..\..\..\..\..\system\kernel\os_arctest.c">
      <Filter>system\kernel</Filter>
    </ClCompile>
    <ClCompile Include="..\..\..\..\..\..\system\kernel\resource.c">
      <Filter>system\kernel</Filter>
    </ClCompile>
    <ClCompile Include="..\..\..\..\..\..\system\kernel\sched_table.c">
      <Filter>system\kernel</Filter>
    </ClCompile>
    <ClCompile Include="..\..\..\..\..\..\system\kernel\task.c">
      <Filter>system\kernel</Filter>
    </ClCompile>
  </ItemGroup>
  <ItemGroup>
    <ClInclude Include="..\..\..\kernel\irq_types.h">
      <Filter>arch\generic\mingw\kernel</Filter>
    </ClInclude>
    <ClInclude Include="..\..\..\..\..\..\app\config\EcuM_Cfg.h">
      <Filter>app\config</Filter>
    </ClInclude>
    <ClInclude Include="..\..\..\..\..\..\app\config\Mcu_Cfg.h">
      <Filter>app\config</Filter>
    </ClInclude>
    <ClInclude Include="..\..\..\..\..\..\app\config\Os_Cfg.h">
      <Filter>app\config</Filter>
    </ClInclude>
    <ClInclude Include="..\..\..\..\..\..\system\kernel\include\alarm_i.h">
      <Filter>system\kernel\include</Filter>
    </ClInclude>
    <ClInclude Include="..\..\..\..\..\..\system\kernel\include\application.h">
      <Filter>system\kernel\include</Filter>
    </ClInclude>
    <ClInclude Include="..\..\..\..\..\..\system\kernel\include\arch.h">
      <Filter>system\kernel\include</Filter>
    </ClInclude>
    <ClInclude Include="..\..\..\..\..\..\system\kernel\include\counter_i.h">
      <Filter>system\kernel\include</Filter>
    </ClInclude>
    <ClInclude Include="..\..\..\..\..\..\system\kernel\include\hooks.h">
      <Filter>system\kernel\include</Filter>
    </ClInclude>
    <ClInclude Include="..\..\..\..\..\..\system\kernel\include\internal.h">
      <Filter>system\kernel\include</Filter>
    </ClInclude>
    <ClInclude Include="..\..\..\..\..\..\system\kernel\include\kernel.h">
      <Filter>system\kernel\include</Filter>
    </ClInclude>
    <ClInclude Include="..\..\..\..\..\..\system\kernel\include\resource_i.h">
      <Filter>system\kernel\include</Filter>
    </ClInclude>
    <ClInclude Include="..\..\..\..\..\..\system\kernel\include\sched_table_i.h">
      <Filter>system\kernel\include</Filter>
    </ClInclude>
    <ClInclude Include="..\..\..\..\..\..\system\kernel\include\swap.h">
      <Filter>system\kernel\include</Filter>
    </ClInclude>
    <ClInclude Include="..\..\..\..\..\..\system\kernel\include\sys.h">
      <Filter>system\kernel\include</Filter>
    </ClInclude>
    <ClInclude Include="..\..\..\..\..\..\system\kernel\include\task_i.h">
      <Filter>system\kernel\include</Filter>
    </ClInclude>
    <ClInclude Include="..\..\..\..\..\..\system\kernel\include\types.h">
      <Filter>system\kernel\include</Filter>
    </ClInclude>
    <ClInclude Include="..\..\..\..\..\..\include\Adc.h">
      <Filter>include</Filter>
    </ClInclude>
    <ClInclude Include="..\..\..\..\..\..\include\alist_i.h">
      <Filter>include</Filter>
    </ClInclude>
    <ClInclude Include="..\..\..\..\..\..\include\arc.h">
      <Filter>include</Filter>
    </ClInclude>
    <ClInclude Include="..\..\..\..\..\..\include\bit.h">
      <Filter>include</Filter>
    </ClInclude>
    <ClInclude Include="..\..\..\..\..\..\include\Byteorder.h">
      <Filter>include</Filter>
    </ClInclude>
    <ClInclude Include="..\..\..\..\..\..\include\CalibrationData.h">
      <Filter>include</Filter>
    </ClInclude>
    <ClInclude Include="..\..\..\..\..\..\include\Can.h">
      <Filter>include</Filter>
    </ClInclude>
    <ClInclude Include="..\..\..\..\..\..\include\CanIf.h">
      <Filter>include</Filter>
    </ClInclude>
    <ClInclude Include="..\..\..\..\..\..\include\CanIf_Cbk.h">
      <Filter>include</Filter>
    </ClInclude>
    <ClInclude Include="..\..\..\..\..\..\include\CanIf_ConfigTypes.h">
      <Filter>include</Filter>
    </ClInclude>
    <ClInclude Include="..\..\..\..\..\..\include\CanIf_Types.h">
      <Filter>include</Filter>
    </ClInclude>
    <ClInclude Include="..\..\..\..\..\..\include\CanNm.h">
      <Filter>include</Filter>
    </ClInclude>
    <ClInclude Include="..\..\..\..\..\..\include\CanNm_Cbk.h">
      <Filter>include</Filter>
    </ClInclude>
    <ClInclude Include="..\..\..\..\..\..\include\CanNm_ConfigTypes.h">
      <Filter>include</Filter>
    </ClInclude>
    <ClInclude Include="..\..\..\..\..\..\include\CanNm_Internal.h">
      <Filter>include</Filter>
    </ClInclude>
    <ClInclude Include="..\..\..\..\..\..\include\CanSM.h">
      <Filter>include</Filter>
    </ClInclude>
    <ClInclude Include="..\..\..\..\..\..\include\CanSM_Cbk.h">
      <Filter>include</Filter>
    </ClInclude>
    <ClInclude Include="..\..\..\..\..\..\include\CanSM_ComM.h">
      <Filter>include</Filter>
    </ClInclude>
    <ClInclude Include="..\..\..\..\..\..\include\CanSM_ConfigTypes.h">
      <Filter>include</Filter>
    </ClInclude>
    <ClInclude Include="..\..\..\..\..\..\include\CanSM_EcuM.h">
      <Filter>include</Filter>
    </ClInclude>
    <ClInclude Include="..\..\..\..\..\..\include\CanTp.h">
      <Filter>include</Filter>
    </ClInclude>
    <ClInclude Include="..\..\..\..\..\..\include\CanTp_Cbk.h">
      <Filter>include</Filter>
    </ClInclude>
    <ClInclude Include="..\..\..\..\..\..\include\CanTp_Types.h">
      <Filter>include</Filter>
    </ClInclude>
    <ClInclude Include="..\..\..\..\..\..\include\cirq_buffer.h">
      <Filter>include</Filter>
    </ClInclude>
    <ClInclude Include="..\..\..\..\..\..\include\Com.h">
      <Filter>include</Filter>
    </ClInclude>
    <ClInclude Include="..\..\..\..\..\..\include\Com_Com.h">
      <Filter>include</Filter>
    </ClInclude>
    <ClInclude Include="..\..\..\..\..\..\include\Com_Sched.h">
      <Filter>include</Filter>
    </ClInclude>
    <ClInclude Include="..\..\..\..\..\..\include\Com_Types.h">
      <Filter>include</Filter>
    </ClInclude>
    <ClInclude Include="..\..\..\..\..\..\include\ComM.h">
      <Filter>include</Filter>
    </ClInclude>
    <ClInclude Include="..\..\..\..\..\..\include\ComM_BusSm.h">
      <Filter>include</Filter>
    </ClInclude>
    <ClInclude Include="..\..\..\..\..\..\include\ComM_ConfigTypes.h">
      <Filter>include</Filter>
    </ClInclude>
    <ClInclude Include="..\..\..\..\..\..\include\ComM_Dcm.h">
      <Filter>include</Filter>
    </ClInclude>
    <ClInclude Include="..\..\..\..\..\..\include\ComM_EcuM.h">
      <Filter>include</Filter>
    </ClInclude>
    <ClInclude Include="..\..\..\..\..\..\include\ComM_Nm.h">
      <Filter>include</Filter>
    </ClInclude>
    <ClInclude Include="..\..\..\..\..\..\include\ComM_Types.h">
      <Filter>include</Filter>
    </ClInclude>
    <ClInclude Include="..\..\..\..\..\..\include\Compiler.h">
      <Filter>include</Filter>
    </ClInclude>
    <ClInclude Include="..\..\..\..\..\..\include\Compiler_Cfg.h">
      <Filter>include</Filter>
    </ClInclude>
    <ClInclude Include="..\..\..\..\..\..\include\ComStack_Types.h">
      <Filter>include</Filter>
    </ClInclude>
    <ClInclude Include="..\..\..\..\..\..\include\Crc.h">
      <Filter>include</Filter>
    </ClInclude>
    <ClInclude Include="..\..\..\..\..\..\include\Dcm.h">
      <Filter>include</Filter>
    </ClInclude>
    <ClInclude Include="..\..\..\..\..\..\include\Dcm_Cbk.h">
      <Filter>include</Filter>
    </ClInclude>
    <ClInclude Include="..\..\..\..\..\..\include\Dcm_Lcfg.h">
      <Filter>include</Filter>
    </ClInclude>
    <ClInclude Include="..\..\..\..\..\..\include\Dcm_Types.h">
      <Filter>include</Filter>
    </ClInclude>
    <ClInclude Include="..\..\..\..\..\..\include\debug.h">
      <Filter>include</Filter>
    </ClInclude>
    <ClInclude Include="..\..\..\..\..\..\include\Dem.h">
      <Filter>include</Filter>
    </ClInclude>
    <ClInclude Include="..\..\..\..\..\..\include\Dem_Lcfg.h">
      <Filter>include</Filter>
    </ClInclude>
    <ClInclude Include="..\..\..\..\..\..\include\Dem_Types.h">
      <Filter>include</Filter>
    </ClInclude>
    <ClInclude Include="..\..\..\..\..\..\include\Det.h">
      <Filter>include</Filter>
    </ClInclude>
    <ClInclude Include="..\..\..\..\..\..\include\device_serial.h">
      <Filter>include</Filter>
    </ClInclude>
    <ClInclude Include="..\..\..\..\..\..\include\Dio.h">
      <Filter>include</Filter>
    </ClInclude>
    <ClInclude Include="..\..\..\..\..\..\include\Ea.h">
      <Filter>include</Filter>
    </ClInclude>
    <ClInclude Include="..\..\..\..\..\..\include\Ea_Cbk.h">
      <Filter>include</Filter>
    </ClInclude>
    <ClInclude Include="..\..\..\..\..\..\include\Ea_Types.h">
      <Filter>include</Filter>
    </ClInclude>
    <ClInclude Include="..\..\..\..\..\..\include\EcuM.h">
      <Filter>include</Filter>
    </ClInclude>
    <ClInclude Include="..\..\..\..\..\..\include\EcuM_Cbk.h">
      <Filter>include</Filter>
    </ClInclude>
    <ClInclude Include="..\..\..\..\..\..\include\EcuM_Types.h">
      <Filter>include</Filter>
    </ClInclude>
    <ClInclude Include="..\..\..\..\..\..\include\Eep.h">
      <Filter>include</Filter>
    </ClInclude>
    <ClInclude Include="..\..\..\..\..\..\include\Eep_ConfigTypes.h">
      <Filter>include</Filter>
    </ClInclude>
    <ClInclude Include="..\..\..\..\..\..\include\Fee.h">
      <Filter>include</Filter>
    </ClInclude>
    <ClInclude Include="..\..\..\..\..\..\include\Fee_Cbk.h">
      <Filter>include</Filter>
    </ClInclude>
    <ClInclude Include="..\..\..\..\..\..\include\Fee_ConfigTypes.h">
      <Filter>include</Filter>
    </ClInclude>
    <ClInclude Include="..\..\..\..\..\..\include\Fls.h">
      <Filter>include</Filter>
    </ClInclude>
    <ClInclude Include="..\..\..\..\..\..\include\Fls_ConfigTypes.h">
      <Filter>include</Filter>
    </ClInclude>
    <ClInclude Include="..\..\..\..\..\..\include\Fls_SST25xx.h">
      <Filter>include</Filter>
    </ClInclude>
    <ClInclude Include="..\..\..\..\..\..\include\Gpt.h">
      <Filter>include</Filter>
    </ClInclude>
    <ClInclude Include="..\..\..\..\..\..\include\Gpt_ConfigTypes.h">
      <Filter>include</Filter>
    </ClInclude>
    <ClInclude Include="..\..\..\..\..\..\include\io.h">
      <Filter>include</Filter>
    </ClInclude>
    <ClInclude Include="..\..\..\..\..\..\include\IoHwAb.h">
      <Filter>include</Filter>
    </ClInclude>
    <ClInclude Include="..\..\..\..\..\..\include\IoHwAb_Internal.h">
      <Filter>include</Filter>
    </ClInclude>
    <ClInclude Include="..\..\..\..\..\..\include\IoHwAb_Types.h">
      <Filter>include</Filter>
    </ClInclude>
    <ClInclude Include="..\..\..\..\..\..\include\irq.h">
      <Filter>include</Filter>
    </ClInclude>
    <ClInclude Include="..\..\..\..\..\..\include\isr.h">
      <Filter>include</Filter>
    </ClInclude>
    <ClInclude Include="..\..\..\..\..\..\include\J1939Tp.h">
      <Filter>include</Filter>
    </ClInclude>
    <ClInclude Include="..\..\..\..\..\..\include\J1939Tp_Cbk.h">
      <Filter>include</Filter>
    </ClInclude>
    <ClInclude Include="..\..\..\..\..\..\include\J1939Tp_ConfigTypes.h">
      <Filter>include</Filter>
    </ClInclude>
    <ClInclude Include="..\..\..\..\..\..\include\Lin.h">
      <Filter>include</Filter>
    </ClInclude>
    <ClInclude Include="..\..\..\..\..\..\include\Lin_Types.h">
      <Filter>include</Filter>
    </ClInclude>
    <ClInclude Include="..\..\..\..\..\..\include\LinIf.h">
      <Filter>include</Filter>
    </ClInclude>
    <ClInclude Include="..\..\..\..\..\..\include\LinIf_Cbk.h">
      <Filter>include</Filter>
    </ClInclude>
    <ClInclude Include="..\..\..\..\..\..\include\LinIf_Types.h">
      <Filter>include</Filter>
    </ClInclude>
    <ClInclude Include="..\..\..\..\..\..\include\LinSM.h">
      <Filter>include</Filter>
    </ClInclude>
    <ClInclude Include="..\..\..\..\..\..\include\LinSM_Cbk.h">
      <Filter>include</Filter>
    </ClInclude>
    <ClInclude Include="..\..\..\..\..\..\include\mbox.h">
      <Filter>include</Filter>
    </ClInclude>
    <ClInclude Include="..\..\..\..\..\..\include\Mcu.h">
      <Filter>include</Filter>
    </ClInclude>
    <ClInclude Include="..\..\..\..\..\..\include\Mcu_Arc.h">
      <Filter>include</Filter>
    </ClInclude>
    <ClInclude Include="..\..\..\..\..\..\include\MemIf.h">
      <Filter>include</Filter>
    </ClInclude>
    <ClInclude Include="..\..\..\..\..\..\include\MemIf_Types.h">
      <Filter>include</Filter>
    </ClInclude>
    <ClInclude Include="..\..\..\..\..\..\include\MemMap.h">
      <Filter>include</Filter>
    </ClInclude>
    <ClInclude Include="..\..\..\..\..\..\include\Modules.h">
      <Filter>include</Filter>
    </ClInclude>
    <ClInclude Include="..\..\..\..\..\..\include\Nm.h">
      <Filter>include</Filter>
    </ClInclude>
    <ClInclude Include="..\..\..\..\..\..\include\Nm_Cbk.h">
      <Filter>include</Filter>
    </ClInclude>
    <ClInclude Include="..\..\..\..\..\..\include\Nm_ConfigTypes.h">
      <Filter>include</Filter>
    </ClInclude>
    <ClInclude Include="..\..\..\..\..\..\include\NmStack_Types.h">
      <Filter>include</Filter>
    </ClInclude>
    <ClInclude Include="..\..\..\..\..\..\include\NvM.h">
      <Filter>include</Filter>
    </ClInclude>
    <ClInclude Include="..\..\..\..\..\..\include\NvM_Cbk.h">
      <Filter>include</Filter>
    </ClInclude>
    <ClInclude Include="..\..\..\..\..\..\include\NvM_ConfigTypes.h">
      <Filter>include</Filter>
    </ClInclude>
    <ClInclude Include="..\..\..\..\..\..\include\NvM_Types.h">
      <Filter>include</Filter>
    </ClInclude>
    <ClInclude Include="..\..\..\..\..\..\include\Os.h">
      <Filter>include</Filter>
    </ClInclude>
    <ClInclude Include="..\..\..\..\..\..\include\os_config_funcs.h">
      <Filter>include</Filter>
    </ClInclude>
    <ClInclude Include="..\..\..\..\..\..\include\os_config_macros.h">
      <Filter>include</Filter>
    </ClInclude>
    <ClInclude Include="..\..\..\..\..\..\include\PduR.h">
      <Filter>include</Filter>
    </ClInclude>
    <ClInclude Include="..\..\..\..\..\..\include\PduR_CanIf.h">
      <Filter>include</Filter>
    </ClInclude>
    <ClInclude Include="..\..\..\..\..\..\include\PduR_CanTp.h">
      <Filter>include</Filter>
    </ClInclude>
    <ClInclude Include="..\..\..\..\..\..\include\PduR_Com.h">
      <Filter>include</Filter>
    </ClInclude>
    <ClInclude Include="..\..\..\..\..\..\include\PduR_Dcm.h">
      <Filter>include</Filter>
    </ClInclude>
    <ClInclude Include="..\..\..\..\..\..\include\PduR_If.h">
      <Filter>include</Filter>
    </ClInclude>
    <ClInclude Include="..\..\..\..\..\..\include\PduR_J1939Tp.h">
      <Filter>include</Filter>
    </ClInclude>
    <ClInclude Include="..\..\..\..\..\..\include\PduR_LinIf.h">
      <Filter>include</Filter>
    </ClInclude>
    <ClInclude Include="..\..\..\..\..\..\include\PduR_SoAd.h">
      <Filter>include</Filter>
    </ClInclude>
    <ClInclude Include="..\..\..\..\..\..\include\PduR_Types.h">
      <Filter>include</Filter>
    </ClInclude>
    <ClInclude Include="..\..\..\..\..\..\include\perf.h">
      <Filter>include</Filter>
    </ClInclude>
    <ClInclude Include="..\..\..\..\..\..\include\Platform_Types.h">
      <Filter>include</Filter>
    </ClInclude>
    <ClInclude Include="..\..\..\..\..\..\include\Port.h">
      <Filter>include</Filter>
    </ClInclude>
    <ClInclude Include="..\..\..\..\..\..\include\Pwm.h">
      <Filter>include</Filter>
    </ClInclude>
    <ClInclude Include="..\..\..\..\..\..\include\Ramlog.h">
      <Filter>include</Filter>
    </ClInclude>
    <ClInclude Include="..\..\..\..\..\..\include\Rte.h">
      <Filter>include</Filter>
    </ClInclude>
    <ClInclude Include="..\..\..\..\..\..\include\Rte_Dem.h">
      <Filter>include</Filter>
    </ClInclude>
    <ClInclude Include="..\..\..\..\..\..\include\Rte_Main.h">
      <Filter>include</Filter>
    </ClInclude>
    <ClInclude Include="..\..\..\..\..\..\include\shell.h">
      <Filter>include</Filter>
    </ClInclude>
    <ClInclude Include="..\..\..\..\..\..\include\sleep.h">
      <Filter>include</Filter>
    </ClInclude>
    <ClInclude Include="..\..\..\..\..\..\include\Spi.h">
      <Filter>include</Filter>
    </ClInclude>
    <ClInclude Include="..\..\..\..\..\..\include\Spi_ConfigTypes.h">
      <Filter>include</Filter>
    </ClInclude>
    <ClInclude Include="..\..\..\..\..\..\include\Std_Types.h">
      <Filter>include</Filter>
    </ClInclude>
    <ClInclude Include="..\..\..\..\..\..\include\strace.h">
      <Filter>include</Filter>
    </ClInclude>
    <ClInclude Include="..\..\..\..\..\..\include\Test_Cbk.h">
      <Filter>include</Filter>
    </ClInclude>
    <ClInclude Include="..\..\..\..\..\..\include\timer.h">
      <Filter>include</Filter>
    </ClInclude>
    <ClInclude Include="..\..\..\..\..\..\include\Wdg.h">
      <Filter>include</Filter>
    </ClInclude>
    <ClInclude Include="..\..\..\..\..\..\include\WdgIf.h">
      <Filter>include</Filter>
    </ClInclude>
    <ClInclude Include="..\..\..\..\..\..\include\WdgIf_Types.h">
      <Filter>include</Filter>
    </ClInclude>
    <ClInclude Include="..\..\..\..\..\..\include\WdgM.h">
      <Filter>include</Filter>
    </ClInclude>
    <ClInclude Include="..\..\..\..\..\..\include\WdgM_ConfigTypes.h">
      <Filter>include</Filter>
    </ClInclude>
    <ClInclude Include="..\..\..\..\..\..\include\xtoa.h">
      <Filter>include</Filter>
    </ClInclude>
    <ClInclude Include="..\..\..\..\..\..\include\generic\Cpu.h">
      <Filter>include\generic</Filter>
    </ClInclude>
  </ItemGroup>
</Project>